
Microsoft Visual Studio Solution File, Format Version 12.00
# Visual Studio Version 16
VisualStudioVersion = 16.0.31729.503
MinimumVisualStudioVersion = 10.0.40219.1
Project("{FAE04EC0-301F-11D3-BF4B-00C04F79EFBC}") = "DelegatesAndEvents", "DelegatesAndEvents\DelegatesAndEvents.csproj", "{B89B738E-021A-48CC-88F8-05C87D4167B5}"
EndProject
Global
	GlobalSection(SolutionConfigurationPlatforms) = preSolution
		Debug|Any CPU = Debug|Any CPU
		Release|Any CPU = Release|Any CPU
	EndGlobalSection
	GlobalSection(ProjectConfigurationPlatforms) = postSolution
		{B89B738E-021A-48CC-88F8-05C87D4167B5}.Debug|Any CPU.ActiveCfg = Debug|Any CPU
		{B89B738E-021A-48CC-88F8-05C87D4167B5}.Debug|Any CPU.Build.0 = Debug|Any CPU
		{B89B738E-021A-48CC-88F8-05C87D4167B5}.Release|Any CPU.ActiveCfg = Release|Any CPU
		{B89B738E-021A-48CC-88F8-05C87D4167B5}.Release|Any CPU.Build.0 = Release|Any CPU
	EndGlobalSection
	GlobalSection(SolutionProperties) = preSolution
		HideSolutionNode = FALSE
	EndGlobalSection
	GlobalSection(ExtensibilityGlobals) = postSolution
		SolutionGuid = {A28B0ACA-6F1D-4EBE-B5F9-39C0F75698C8}
	EndGlobalSection
EndGlobal
